
Microsoft Visual Studio Solution File, Format Version 12.00
# Visual Studio Version 17
VisualStudioVersion = 17.9.34607.119
MinimumVisualStudioVersion = 10.0.40219.1
Project("{FAE04EC0-301F-11D3-BF4B-00C04F79EFBC}") = "IMS.web", "IMS.web\IMS.web.csproj", "{441FC16F-71AA-407B-83BD-052F75883F87}"
EndProject
Project("{FAE04EC0-301F-11D3-BF4B-00C04F79EFBC}") = "IMS.Models", "IMS.Models\IMS.Models.csproj", "{0ED2EE7A-48B5-4AA1-B1E2-898E9C37EC65}"
EndProject
Project("{FAE04EC0-301F-11D3-BF4B-00C04F79EFBC}") = "IMS.Infrastructure", "IMS.Infrastructure\IMS.Infrastructure.csproj", "{A91E3E48-780B-4005-81BE-7251BC8A4847}"
EndProject
Project("{FAE04EC0-301F-11D3-BF4B-00C04F79EFBC}") = "IMS.Utility", "IMS.Utility\IMS.Utility.csproj", "{0CAB7B9D-ED21-4AD3-9109-909E59921C98}"
EndProject
Global
	GlobalSection(SolutionConfigurationPlatforms) = preSolution
		Debug|Any CPU = Debug|Any CPU
		Release|Any CPU = Release|Any CPU
	EndGlobalSection
	GlobalSection(ProjectConfigurationPlatforms) = postSolution
		{441FC16F-71AA-407B-83BD-052F75883F87}.Debug|Any CPU.ActiveCfg = Debug|Any CPU
		{441FC16F-71AA-407B-83BD-052F75883F87}.Debug|Any CPU.Build.0 = Debug|Any CPU
		{441FC16F-71AA-407B-83BD-052F75883F87}.Release|Any CPU.ActiveCfg = Release|Any CPU
		{441FC16F-71AA-407B-83BD-052F75883F87}.Release|Any CPU.Build.0 = Release|Any CPU
		{0ED2EE7A-48B5-4AA1-B1E2-898E9C37EC65}.Debug|Any CPU.ActiveCfg = Debug|Any CPU
		{0ED2EE7A-48B5-4AA1-B1E2-898E9C37EC65}.Debug|Any CPU.Build.0 = Debug|Any CPU
		{0ED2EE7A-48B5-4AA1-B1E2-898E9C37EC65}.Release|Any CPU.ActiveCfg = Release|Any CPU
		{0ED2EE7A-48B5-4AA1-B1E2-898E9C37EC65}.Release|Any CPU.Build.0 = Release|Any CPU
		{A91E3E48-780B-4005-81BE-7251BC8A4847}.Debug|Any CPU.ActiveCfg = Debug|Any CPU
		{A91E3E48-780B-4005-81BE-7251BC8A4847}.Debug|Any CPU.Build.0 = Debug|Any CPU
		{A91E3E48-780B-4005-81BE-7251BC8A4847}.Release|Any CPU.ActiveCfg = Release|Any CPU
		{A91E3E48-780B-4005-81BE-7251BC8A4847}.Release|Any CPU.Build.0 = Release|Any CPU
		{0CAB7B9D-ED21-4AD3-9109-909E59921C98}.Debug|Any CPU.ActiveCfg = Debug|Any CPU
		{0CAB7B9D-ED21-4AD3-9109-909E59921C98}.Debug|Any CPU.Build.0 = Debug|Any CPU
		{0CAB7B9D-ED21-4AD3-9109-909E59921C98}.Release|Any CPU.ActiveCfg = Release|Any CPU
		{0CAB7B9D-ED21-4AD3-9109-909E59921C98}.Release|Any CPU.Build.0 = Release|Any CPU
	EndGlobalSection
	GlobalSection(SolutionProperties) = preSolution
		HideSolutionNode = FALSE
	EndGlobalSection
	GlobalSection(ExtensibilityGlobals) = postSolution
		SolutionGuid = {D963BF00-281A-4CDA-BE35-87CD87D51E8B}
	EndGlobalSection
EndGlobal
